
Microsoft Visual Studio Solution File, Format Version 12.00
# Visual Studio 2013
VisualStudioVersion = 12.0.31101.0
MinimumVisualStudioVersion = 10.0.40219.1
Project("{FAE04EC0-301F-11D3-BF4B-00C04F79EFBC}") = "Client", "Client\Client.csproj", "{2186901F-89B2-4E5C-9791-34C3CA9333C6}"
EndProject
Project("{FAE04EC0-301F-11D3-BF4B-00C04F79EFBC}") = "Client.BLL", "Client.BLL\Client.BLL.csproj", "{798021DA-B9DC-4476-AF03-70B75AFBD4FC}"
EndProject
Project("{FAE04EC0-301F-11D3-BF4B-00C04F79EFBC}") = "Client.IBLL", "Client.IBLL\Client.IBLL.csproj", "{DA96878B-22BF-423E-B5C5-715E57A414E7}"
EndProject
Project("{FAE04EC0-301F-11D3-BF4B-00C04F79EFBC}") = "Client.DAL", "Client.DAL\Client.DAL.csproj", "{3BAAFE5A-264C-4A9E-8B20-ABD0C6C13FE8}"
EndProject
Project("{FAE04EC0-301F-11D3-BF4B-00C04F79EFBC}") = "Client.IDAL", "Client.IDAL\Client.IDAL.csproj", "{BF226DD2-471F-45AD-8D36-C4E2B4AB8F9F}"
EndProject
Project("{FAE04EC0-301F-11D3-BF4B-00C04F79EFBC}") = "Client.Common", "Client.Common\Client.Common.csproj", "{F0924642-7B4A-4B09-BB9E-18F4A656F6E3}"
EndProject
Project("{FAE04EC0-301F-11D3-BF4B-00C04F79EFBC}") = "Client.Model", "Client.Model\Client.Model.csproj", "{E2F13393-85E0-4781-84DA-CB9B047C61B7}"
EndProject
Project("{FAE04EC0-301F-11D3-BF4B-00C04F79EFBC}") = "Client.DALFactory", "Client.DALFactory\Client.DALFactory.csproj", "{DFE5F3E4-13BD-4098-BD70-A2713D4E69EB}"
EndProject
Global
	GlobalSection(SolutionConfigurationPlatforms) = preSolution
		Debug|Any CPU = Debug|Any CPU
		Release|Any CPU = Release|Any CPU
	EndGlobalSection
	GlobalSection(ProjectConfigurationPlatforms) = postSolution
		{2186901F-89B2-4E5C-9791-34C3CA9333C6}.Debug|Any CPU.ActiveCfg = Debug|Any CPU
		{2186901F-89B2-4E5C-9791-34C3CA9333C6}.Debug|Any CPU.Build.0 = Debug|Any CPU
		{2186901F-89B2-4E5C-9791-34C3CA9333C6}.Release|Any CPU.ActiveCfg = Release|Any CPU
		{2186901F-89B2-4E5C-9791-34C3CA9333C6}.Release|Any CPU.Build.0 = Release|Any CPU
		{798021DA-B9DC-4476-AF03-70B75AFBD4FC}.Debug|Any CPU.ActiveCfg = Debug|Any CPU
		{798021DA-B9DC-4476-AF03-70B75AFBD4FC}.Debug|Any CPU.Build.0 = Debug|Any CPU
		{798021DA-B9DC-4476-AF03-70B75AFBD4FC}.Release|Any CPU.ActiveCfg = Release|Any CPU
		{798021DA-B9DC-4476-AF03-70B75AFBD4FC}.Release|Any CPU.Build.0 = Release|Any CPU
		{DA96878B-22BF-423E-B5C5-715E57A414E7}.Debug|Any CPU.ActiveCfg = Debug|Any CPU
		{DA96878B-22BF-423E-B5C5-715E57A414E7}.Debug|Any CPU.Build.0 = Debug|Any CPU
		{DA96878B-22BF-423E-B5C5-715E57A414E7}.Release|Any CPU.ActiveCfg = Release|Any CPU
		{DA96878B-22BF-423E-B5C5-715E57A414E7}.Release|Any CPU.Build.0 = Release|Any CPU
		{3BAAFE5A-264C-4A9E-8B20-ABD0C6C13FE8}.Debug|Any CPU.ActiveCfg = Debug|Any CPU
		{3BAAFE5A-264C-4A9E-8B20-ABD0C6C13FE8}.Debug|Any CPU.Build.0 = Debug|Any CPU
		{3BAAFE5A-264C-4A9E-8B20-ABD0C6C13FE8}.Release|Any CPU.ActiveCfg = Release|Any CPU
		{3BAAFE5A-264C-4A9E-8B20-ABD0C6C13FE8}.Release|Any CPU.Build.0 = Release|Any CPU
		{BF226DD2-471F-45AD-8D36-C4E2B4AB8F9F}.Debug|Any CPU.ActiveCfg = Debug|Any CPU
		{BF226DD2-471F-45AD-8D36-C4E2B4AB8F9F}.Debug|Any CPU.Build.0 = Debug|Any CPU
		{BF226DD2-471F-45AD-8D36-C4E2B4AB8F9F}.Release|Any CPU.ActiveCfg = Release|Any CPU
		{BF226DD2-471F-45AD-8D36-C4E2B4AB8F9F}.Release|Any CPU.Build.0 = Release|Any CPU
		{F0924642-7B4A-4B09-BB9E-18F4A656F6E3}.Debug|Any CPU.ActiveCfg = Debug|Any CPU
		{F0924642-7B4A-4B09-BB9E-18F4A656F6E3}.Debug|Any CPU.Build.0 = Debug|Any CPU
		{F0924642-7B4A-4B09-BB9E-18F4A656F6E3}.Release|Any CPU.ActiveCfg = Release|Any CPU
		{F0924642-7B4A-4B09-BB9E-18F4A656F6E3}.Release|Any CPU.Build.0 = Release|Any CPU
		{E2F13393-85E0-4781-84DA-CB9B047C61B7}.Debug|Any CPU.ActiveCfg = Debug|Any CPU
		{E2F13393-85E0-4781-84DA-CB9B047C61B7}.Debug|Any CPU.Build.0 = Debug|Any CPU
		{E2F13393-85E0-4781-84DA-CB9B047C61B7}.Release|Any CPU.ActiveCfg = Release|Any CPU
		{E2F13393-85E0-4781-84DA-CB9B047C61B7}.Release|Any CPU.Build.0 = Release|Any CPU
		{DFE5F3E4-13BD-4098-BD70-A2713D4E69EB}.Debug|Any CPU.ActiveCfg = Debug|Any CPU
		{DFE5F3E4-13BD-4098-BD70-A2713D4E69EB}.Debug|Any CPU.Build.0 = Debug|Any CPU
		{DFE5F3E4-13BD-4098-BD70-A2713D4E69EB}.Release|Any CPU.ActiveCfg = Release|Any CPU
		{DFE5F3E4-13BD-4098-BD70-A2713D4E69EB}.Release|Any CPU.Build.0 = Release|Any CPU
	EndGlobalSection
	GlobalSection(SolutionProperties) = preSolution
		HideSolutionNode = FALSE
	EndGlobalSection
EndGlobal
